// !$*UTF8*$!
{
	archiveVersion = 1;
	classes = {
	};
	objectVersion = 56;
	objects = {

/* Begin PBXBuildFile section */
		087B49562A96A9BC00BEC00C /* VirtualStand.swift in Sources */ = {isa = PBXBuildFile; fileRef = 087B49552A96A9BC00BEC00C /* VirtualStand.swift */; };
		087B49582A96BB2300BEC00C /* Announcement.swift in Sources */ = {isa = PBXBuildFile; fileRef = 087B49572A96BB2300BEC00C /* Announcement.swift */; };
		087B495B2A97682F00BEC00C /* PusherSwift in Frameworks */ = {isa = PBXBuildFile; productRef = 087B495A2A97682F00BEC00C /* PusherSwift */; };
		087B495D2A9CB35D00BEC00C /* DebateView.swift in Sources */ = {isa = PBXBuildFile; fileRef = 087B495C2A9CB35D00BEC00C /* DebateView.swift */; };
		087B495F2A9CC41500BEC00C /* Debate.swift in Sources */ = {isa = PBXBuildFile; fileRef = 087B495E2A9CC41500BEC00C /* Debate.swift */; };
		087B49612A9CDDE500BEC00C /* DebateTeam.swift in Sources */ = {isa = PBXBuildFile; fileRef = 087B49602A9CDDE500BEC00C /* DebateTeam.swift */; };
		087B49632A9D455800BEC00C /* SessionView.swift in Sources */ = {isa = PBXBuildFile; fileRef = 087B49622A9D455800BEC00C /* SessionView.swift */; };
		087B49652A9D4F2D00BEC00C /* Document.swift in Sources */ = {isa = PBXBuildFile; fileRef = 087B49642A9D4F2D00BEC00C /* Document.swift */; };
		089FB4B22A9FEDAD00F4D531 /* AppConstants.swift in Sources */ = {isa = PBXBuildFile; fileRef = 089FB4B12A9FEDAD00F4D531 /* AppConstants.swift */; };
		08AB71E12A8D223800EA59DF /* KongrePadApp.swift in Sources */ = {isa = PBXBuildFile; fileRef = 08AB71E02A8D223800EA59DF /* KongrePadApp.swift */; };
		08AB71E32A8D223800EA59DF /* MainPageView.swift in Sources */ = {isa = PBXBuildFile; fileRef = 08AB71E22A8D223800EA59DF /* MainPageView.swift */; };
		08AB71E52A8D223900EA59DF /* Assets.xcassets in Resources */ = {isa = PBXBuildFile; fileRef = 08AB71E42A8D223900EA59DF /* Assets.xcassets */; };
		08AB71E82A8D223900EA59DF /* Preview Assets.xcassets in Resources */ = {isa = PBXBuildFile; fileRef = 08AB71E72A8D223900EA59DF /* Preview Assets.xcassets */; };
		08AB71EA2A8D223900EA59DF /* Persistence.swift in Sources */ = {isa = PBXBuildFile; fileRef = 08AB71E92A8D223900EA59DF /* Persistence.swift */; };
		08AB71ED2A8D223900EA59DF /* KongrePad.xcdatamodeld in Sources */ = {isa = PBXBuildFile; fileRef = 08AB71EB2A8D223900EA59DF /* KongrePad.xcdatamodeld */; };
		08AB71F42A935A0600EA59DF /* DenemeView.swift in Sources */ = {isa = PBXBuildFile; fileRef = 08AB71F32A935A0600EA59DF /* DenemeView.swift */; };
		08AB71F62A93DD5A00EA59DF /* LoginView.swift in Sources */ = {isa = PBXBuildFile; fileRef = 08AB71F52A93DD5A00EA59DF /* LoginView.swift */; };
		08AB71FA2A93EA4700EA59DF /* CodeScanner in Frameworks */ = {isa = PBXBuildFile; productRef = 08AB71F92A93EA4700EA59DF /* CodeScanner */; };
		08AB71FC2A94C68A00EA59DF /* Meeting.swift in Sources */ = {isa = PBXBuildFile; fileRef = 08AB71FB2A94C68A00EA59DF /* Meeting.swift */; };
		08B6E9772A96597F00F9B529 /* Participant.swift in Sources */ = {isa = PBXBuildFile; fileRef = 08B6E9762A96597F00F9B529 /* Participant.swift */; };
/* End PBXBuildFile section */

/* Begin PBXFileReference section */
		087B49552A96A9BC00BEC00C /* VirtualStand.swift */ = {isa = PBXFileReference; lastKnownFileType = sourcecode.swift; path = VirtualStand.swift; sourceTree = "<group>"; };
		087B49572A96BB2300BEC00C /* Announcement.swift */ = {isa = PBXFileReference; lastKnownFileType = sourcecode.swift; path = Announcement.swift; sourceTree = "<group>"; };
		087B495C2A9CB35D00BEC00C /* DebateView.swift */ = {isa = PBXFileReference; lastKnownFileType = sourcecode.swift; path = DebateView.swift; sourceTree = "<group>"; };
		087B495E2A9CC41500BEC00C /* Debate.swift */ = {isa = PBXFileReference; lastKnownFileType = sourcecode.swift; path = Debate.swift; sourceTree = "<group>"; };
		087B49602A9CDDE500BEC00C /* DebateTeam.swift */ = {isa = PBXFileReference; lastKnownFileType = sourcecode.swift; path = DebateTeam.swift; sourceTree = "<group>"; };
		087B49622A9D455800BEC00C /* SessionView.swift */ = {isa = PBXFileReference; lastKnownFileType = sourcecode.swift; path = SessionView.swift; sourceTree = "<group>"; };
		087B49642A9D4F2D00BEC00C /* Document.swift */ = {isa = PBXFileReference; lastKnownFileType = sourcecode.swift; path = Document.swift; sourceTree = "<group>"; };
		089FB4B12A9FEDAD00F4D531 /* AppConstants.swift */ = {isa = PBXFileReference; lastKnownFileType = sourcecode.swift; path = AppConstants.swift; sourceTree = "<group>"; };
		08AB71DD2A8D223800EA59DF /* KongrePad.app */ = {isa = PBXFileReference; explicitFileType = wrapper.application; includeInIndex = 0; path = KongrePad.app; sourceTree = BUILT_PRODUCTS_DIR; };
		08AB71E02A8D223800EA59DF /* KongrePadApp.swift */ = {isa = PBXFileReference; lastKnownFileType = sourcecode.swift; path = KongrePadApp.swift; sourceTree = "<group>"; };
		08AB71E22A8D223800EA59DF /* MainPageView.swift */ = {isa = PBXFileReference; lastKnownFileType = sourcecode.swift; path = MainPageView.swift; sourceTree = "<group>"; };
		08AB71E42A8D223900EA59DF /* Assets.xcassets */ = {isa = PBXFileReference; lastKnownFileType = folder.assetcatalog; path = Assets.xcassets; sourceTree = "<group>"; };
		08AB71E72A8D223900EA59DF /* Preview Assets.xcassets */ = {isa = PBXFileReference; lastKnownFileType = folder.assetcatalog; path = "Preview Assets.xcassets"; sourceTree = "<group>"; };
		08AB71E92A8D223900EA59DF /* Persistence.swift */ = {isa = PBXFileReference; lastKnownFileType = sourcecode.swift; path = Persistence.swift; sourceTree = "<group>"; };
		08AB71EC2A8D223900EA59DF /* KongrePad.xcdatamodel */ = {isa = PBXFileReference; lastKnownFileType = wrapper.xcdatamodel; path = KongrePad.xcdatamodel; sourceTree = "<group>"; };
		08AB71F32A935A0600EA59DF /* DenemeView.swift */ = {isa = PBXFileReference; lastKnownFileType = sourcecode.swift; path = DenemeView.swift; sourceTree = "<group>"; };
		08AB71F52A93DD5A00EA59DF /* LoginView.swift */ = {isa = PBXFileReference; lastKnownFileType = sourcecode.swift; path = LoginView.swift; sourceTree = "<group>"; };
		08AB71F72A93EA0500EA59DF /* Info.plist */ = {isa = PBXFileReference; lastKnownFileType = text.plist; path = Info.plist; sourceTree = "<group>"; };
		08AB71FB2A94C68A00EA59DF /* Meeting.swift */ = {isa = PBXFileReference; lastKnownFileType = sourcecode.swift; path = Meeting.swift; sourceTree = "<group>"; };
		08B6E9762A96597F00F9B529 /* Participant.swift */ = {isa = PBXFileReference; lastKnownFileType = sourcecode.swift; path = Participant.swift; sourceTree = "<group>"; };
/* End PBXFileReference section */

/* Begin PBXFrameworksBuildPhase section */
		08AB71DA2A8D223800EA59DF /* Frameworks */ = {
			isa = PBXFrameworksBuildPhase;
			buildActionMask = 2147483647;
			files = (
				08AB71FA2A93EA4700EA59DF /* CodeScanner in Frameworks */,
				087B495B2A97682F00BEC00C /* PusherSwift in Frameworks */,
			);
			runOnlyForDeploymentPostprocessing = 0;
		};
/* End PBXFrameworksBuildPhase section */

/* Begin PBXGroup section */
		08AB71D42A8D223800EA59DF = {
			isa = PBXGroup;
			children = (
				08AB71DF2A8D223800EA59DF /* KongrePad */,
				08AB71DE2A8D223800EA59DF /* Products */,
			);
			sourceTree = "<group>";
		};
		08AB71DE2A8D223800EA59DF /* Products */ = {
			isa = PBXGroup;
			children = (
				08AB71DD2A8D223800EA59DF /* KongrePad.app */,
			);
			name = Products;
			sourceTree = "<group>";
		};
		08AB71DF2A8D223800EA59DF /* KongrePad */ = {
			isa = PBXGroup;
			children = (
				08AB71F72A93EA0500EA59DF /* Info.plist */,
				08AB71E02A8D223800EA59DF /* KongrePadApp.swift */,
				08AB71E22A8D223800EA59DF /* MainPageView.swift */,
				089FB4B12A9FEDAD00F4D531 /* AppConstants.swift */,
				087B49552A96A9BC00BEC00C /* VirtualStand.swift */,
				087B49572A96BB2300BEC00C /* Announcement.swift */,
				08AB71FB2A94C68A00EA59DF /* Meeting.swift */,
				08B6E9762A96597F00F9B529 /* Participant.swift */,
				08AB71E42A8D223900EA59DF /* Assets.xcassets */,
				08AB71F32A935A0600EA59DF /* DenemeView.swift */,
				08AB71F52A93DD5A00EA59DF /* LoginView.swift */,
				087B49622A9D455800BEC00C /* SessionView.swift */,
				087B49642A9D4F2D00BEC00C /* Document.swift */,
				087B495C2A9CB35D00BEC00C /* DebateView.swift */,
				087B495E2A9CC41500BEC00C /* Debate.swift */,
				087B49602A9CDDE500BEC00C /* DebateTeam.swift */,
				08AB71E92A8D223900EA59DF /* Persistence.swift */,
				08AB71EB2A8D223900EA59DF /* KongrePad.xcdatamodeld */,
				08AB71E62A8D223900EA59DF /* Preview Content */,
			);
			path = KongrePad;
			sourceTree = "<group>";
		};
		08AB71E62A8D223900EA59DF /* Preview Content */ = {
			isa = PBXGroup;
			children = (
				08AB71E72A8D223900EA59DF /* Preview Assets.xcassets */,
			);
			path = "Preview Content";
			sourceTree = "<group>";
		};
/* End PBXGroup section */

/* Begin PBXNativeTarget section */
		08AB71DC2A8D223800EA59DF /* KongrePad */ = {
			isa = PBXNativeTarget;
			buildConfigurationList = 08AB71F02A8D223900EA59DF /* Build configuration list for PBXNativeTarget "KongrePad" */;
			buildPhases = (
				08AB71D92A8D223800EA59DF /* Sources */,
				08AB71DA2A8D223800EA59DF /* Frameworks */,
				08AB71DB2A8D223800EA59DF /* Resources */,
			);
			buildRules = (
			);
			dependencies = (
			);
			name = KongrePad;
			packageProductDependencies = (
				08AB71F92A93EA4700EA59DF /* CodeScanner */,
				087B495A2A97682F00BEC00C /* PusherSwift */,
			);
			productName = KongrePad;
			productReference = 08AB71DD2A8D223800EA59DF /* KongrePad.app */;
			productType = "com.apple.product-type.application";
		};
/* End PBXNativeTarget section */

/* Begin PBXProject section */
		08AB71D52A8D223800EA59DF /* Project object */ = {
			isa = PBXProject;
			attributes = {
				BuildIndependentTargetsInParallel = 1;
				LastSwiftUpdateCheck = 1430;
				LastUpgradeCheck = 1430;
				TargetAttributes = {
					08AB71DC2A8D223800EA59DF = {
						CreatedOnToolsVersion = 14.3.1;
					};
				};
			};
			buildConfigurationList = 08AB71D82A8D223800EA59DF /* Build configuration list for PBXProject "KongrePad" */;
			compatibilityVersion = "Xcode 14.0";
			developmentRegion = en;
			hasScannedForEncodings = 0;
			knownRegions = (
				en,
				Base,
			);
			mainGroup = 08AB71D42A8D223800EA59DF;
			packageReferences = (
				08AB71F82A93EA4700EA59DF /* XCRemoteSwiftPackageReference "CodeScanner" */,
				087B49592A97682F00BEC00C /* XCRemoteSwiftPackageReference "pusher-websocket-swift" */,
			);
			productRefGroup = 08AB71DE2A8D223800EA59DF /* Products */;
			projectDirPath = "";
			projectRoot = "";
			targets = (
				08AB71DC2A8D223800EA59DF /* KongrePad */,
			);
		};
/* End PBXProject section */

/* Begin PBXResourcesBuildPhase section */
		08AB71DB2A8D223800EA59DF /* Resources */ = {
			isa = PBXResourcesBuildPhase;
			buildActionMask = 2147483647;
			files = (
				08AB71E82A8D223900EA59DF /* Preview Assets.xcassets in Resources */,
				08AB71E52A8D223900EA59DF /* Assets.xcassets in Resources */,
			);
			runOnlyForDeploymentPostprocessing = 0;
		};
/* End PBXResourcesBuildPhase section */

/* Begin PBXSourcesBuildPhase section */
		08AB71D92A8D223800EA59DF /* Sources */ = {
			isa = PBXSourcesBuildPhase;
			buildActionMask = 2147483647;
			files = (
				08AB71FC2A94C68A00EA59DF /* Meeting.swift in Sources */,
				08AB71F62A93DD5A00EA59DF /* LoginView.swift in Sources */,
				08AB71EA2A8D223900EA59DF /* Persistence.swift in Sources */,
				087B49612A9CDDE500BEC00C /* DebateTeam.swift in Sources */,
				087B49562A96A9BC00BEC00C /* VirtualStand.swift in Sources */,
				087B495F2A9CC41500BEC00C /* Debate.swift in Sources */,
				087B49632A9D455800BEC00C /* SessionView.swift in Sources */,
				08B6E9772A96597F00F9B529 /* Participant.swift in Sources */,
				08AB71ED2A8D223900EA59DF /* KongrePad.xcdatamodeld in Sources */,
				08AB71F42A935A0600EA59DF /* DenemeView.swift in Sources */,
				087B495D2A9CB35D00BEC00C /* DebateView.swift in Sources */,
				089FB4B22A9FEDAD00F4D531 /* AppConstants.swift in Sources */,
				08AB71E32A8D223800EA59DF /* MainPageView.swift in Sources */,
				087B49582A96BB2300BEC00C /* Announcement.swift in Sources */,
				08AB71E12A8D223800EA59DF /* KongrePadApp.swift in Sources */,
				087B49652A9D4F2D00BEC00C /* Document.swift in Sources */,
			);
			runOnlyForDeploymentPostprocessing = 0;
		};
/* End PBXSourcesBuildPhase section */

/* Begin XCBuildConfiguration section */
		08AB71EE2A8D223900EA59DF /* Debug */ = {
			isa = XCBuildConfiguration;
			buildSettings = {
				ALWAYS_SEARCH_USER_PATHS = NO;
				CLANG_ANALYZER_NONNULL = YES;
				CLANG_ANALYZER_NUMBER_OBJECT_CONVERSION = YES_AGGRESSIVE;
				CLANG_CXX_LANGUAGE_STANDARD = "gnu++20";
				CLANG_ENABLE_MODULES = YES;
				CLANG_ENABLE_OBJC_ARC = YES;
				CLANG_ENABLE_OBJC_WEAK = YES;
				CLANG_WARN_BLOCK_CAPTURE_AUTORELEASING = YES;
				CLANG_WARN_BOOL_CONVERSION = YES;
				CLANG_WARN_COMMA = YES;
				CLANG_WARN_CONSTANT_CONVERSION = YES;
				CLANG_WARN_DEPRECATED_OBJC_IMPLEMENTATIONS = YES;
				CLANG_WARN_DIRECT_OBJC_ISA_USAGE = YES_ERROR;
				CLANG_WARN_DOCUMENTATION_COMMENTS = YES;
				CLANG_WARN_EMPTY_BODY = YES;
				CLANG_WARN_ENUM_CONVERSION = YES;
				CLANG_WARN_INFINITE_RECURSION = YES;
				CLANG_WARN_INT_CONVERSION = YES;
				CLANG_WARN_NON_LITERAL_NULL_CONVERSION = YES;
				CLANG_WARN_OBJC_IMPLICIT_RETAIN_SELF = YES;
				CLANG_WARN_OBJC_LITERAL_CONVERSION = YES;
				CLANG_WARN_OBJC_ROOT_CLASS = YES_ERROR;
				CLANG_WARN_QUOTED_INCLUDE_IN_FRAMEWORK_HEADER = YES;
				CLANG_WARN_RANGE_LOOP_ANALYSIS = YES;
				CLANG_WARN_STRICT_PROTOTYPES = YES;
				CLANG_WARN_SUSPICIOUS_MOVE = YES;
				CLANG_WARN_UNGUARDED_AVAILABILITY = YES_AGGRESSIVE;
				CLANG_WARN_UNREACHABLE_CODE = YES;
				CLANG_WARN__DUPLICATE_METHOD_MATCH = YES;
				COPY_PHASE_STRIP = NO;
				DEBUG_INFORMATION_FORMAT = dwarf;
				ENABLE_STRICT_OBJC_MSGSEND = YES;
				ENABLE_TESTABILITY = YES;
				GCC_C_LANGUAGE_STANDARD = gnu11;
				GCC_DYNAMIC_NO_PIC = NO;
				GCC_NO_COMMON_BLOCKS = YES;
				GCC_OPTIMIZATION_LEVEL = 0;
				GCC_PREPROCESSOR_DEFINITIONS = (
					"DEBUG=1",
					"$(inherited)",
				);
				GCC_WARN_64_TO_32_BIT_CONVERSION = YES;
				GCC_WARN_ABOUT_RETURN_TYPE = YES_ERROR;
				GCC_WARN_UNDECLARED_SELECTOR = YES;
				GCC_WARN_UNINITIALIZED_AUTOS = YES_AGGRESSIVE;
				GCC_WARN_UNUSED_FUNCTION = YES;
				GCC_WARN_UNUSED_VARIABLE = YES;
				IPHONEOS_DEPLOYMENT_TARGET = 16.4;
				MTL_ENABLE_DEBUG_INFO = INCLUDE_SOURCE;
				MTL_FAST_MATH = YES;
				ONLY_ACTIVE_ARCH = YES;
				SDKROOT = iphoneos;
				SWIFT_ACTIVE_COMPILATION_CONDITIONS = DEBUG;
				SWIFT_OPTIMIZATION_LEVEL = "-Onone";
			};
			name = Debug;
		};
		08AB71EF2A8D223900EA59DF /* Release */ = {
			isa = XCBuildConfiguration;
			buildSettings = {
				ALWAYS_SEARCH_USER_PATHS = NO;
				CLANG_ANALYZER_NONNULL = YES;
				CLANG_ANALYZER_NUMBER_OBJECT_CONVERSION = YES_AGGRESSIVE;
				CLANG_CXX_LANGUAGE_STANDARD = "gnu++20";
				CLANG_ENABLE_MODULES = YES;
				CLANG_ENABLE_OBJC_ARC = YES;
				CLANG_ENABLE_OBJC_WEAK = YES;
				CLANG_WARN_BLOCK_CAPTURE_AUTORELEASING = YES;
				CLANG_WARN_BOOL_CONVERSION = YES;
				CLANG_WARN_COMMA = YES;
				CLANG_WARN_CONSTANT_CONVERSION = YES;
				CLANG_WARN_DEPRECATED_OBJC_IMPLEMENTATIONS = YES;
				CLANG_WARN_DIRECT_OBJC_ISA_USAGE = YES_ERROR;
				CLANG_WARN_DOCUMENTATION_COMMENTS = YES;
				CLANG_WARN_EMPTY_BODY = YES;
				CLANG_WARN_ENUM_CONVERSION = YES;
				CLANG_WARN_INFINITE_RECURSION = YES;
				CLANG_WARN_INT_CONVERSION = YES;
				CLANG_WARN_NON_LITERAL_NULL_CONVERSION = YES;
				CLANG_WARN_OBJC_IMPLICIT_RETAIN_SELF = YES;
				CLANG_WARN_OBJC_LITERAL_CONVERSION = YES;
				CLANG_WARN_OBJC_ROOT_CLASS = YES_ERROR;
				CLANG_WARN_QUOTED_INCLUDE_IN_FRAMEWORK_HEADER = YES;
				CLANG_WARN_RANGE_LOOP_ANALYSIS = YES;
				CLANG_WARN_STRICT_PROTOTYPES = YES;
				CLANG_WARN_SUSPICIOUS_MOVE = YES;
				CLANG_WARN_UNGUARDED_AVAILABILITY = YES_AGGRESSIVE;
				CLANG_WARN_UNREACHABLE_CODE = YES;
				CLANG_WARN__DUPLICATE_METHOD_MATCH = YES;
				COPY_PHASE_STRIP = NO;
				DEBUG_INFORMATION_FORMAT = "dwarf-with-dsym";
				ENABLE_NS_ASSERTIONS = NO;
				ENABLE_STRICT_OBJC_MSGSEND = YES;
				GCC_C_LANGUAGE_STANDARD = gnu11;
				GCC_NO_COMMON_BLOCKS = YES;
				GCC_WARN_64_TO_32_BIT_CONVERSION = YES;
				GCC_WARN_ABOUT_RETURN_TYPE = YES_ERROR;
				GCC_WARN_UNDECLARED_SELECTOR = YES;
				GCC_WARN_UNINITIALIZED_AUTOS = YES_AGGRESSIVE;
				GCC_WARN_UNUSED_FUNCTION = YES;
				GCC_WARN_UNUSED_VARIABLE = YES;
				IPHONEOS_DEPLOYMENT_TARGET = 16.4;
				MTL_ENABLE_DEBUG_INFO = NO;
				MTL_FAST_MATH = YES;
				SDKROOT = iphoneos;
				SWIFT_COMPILATION_MODE = wholemodule;
				SWIFT_OPTIMIZATION_LEVEL = "-O";
				VALIDATE_PRODUCT = YES;
			};
			name = Release;
		};
		08AB71F12A8D223900EA59DF /* Debug */ = {
			isa = XCBuildConfiguration;
			buildSettings = {
				ASSETCATALOG_COMPILER_APPICON_NAME = AppIcon;
				ASSETCATALOG_COMPILER_GLOBAL_ACCENT_COLOR_NAME = AccentColor;
				CODE_SIGN_STYLE = Automatic;
				CURRENT_PROJECT_VERSION = 1;
				DEVELOPMENT_ASSET_PATHS = "\"KongrePad/Preview Content\"";
				DEVELOPMENT_TEAM = LDHNKBPAG8;
				ENABLE_PREVIEWS = YES;
				GENERATE_INFOPLIST_FILE = YES;
				INFOPLIST_FILE = KongrePad/Info.plist;
				INFOPLIST_KEY_NSCameraUsageDescription = "To scan qr code";
				INFOPLIST_KEY_UIApplicationSceneManifest_Generation = YES;
				INFOPLIST_KEY_UIApplicationSupportsIndirectInputEvents = YES;
				INFOPLIST_KEY_UILaunchScreen_Generation = YES;
				INFOPLIST_KEY_UISupportedInterfaceOrientations_iPad = "UIInterfaceOrientationPortrait UIInterfaceOrientationPortraitUpsideDown UIInterfaceOrientationLandscapeLeft UIInterfaceOrientationLandscapeRight";
				INFOPLIST_KEY_UISupportedInterfaceOrientations_iPhone = "UIInterfaceOrientationPortrait UIInterfaceOrientationLandscapeLeft UIInterfaceOrientationLandscapeRight";
				INFOPLIST_KEY_UIUserInterfaceStyle = Light;
				LD_RUNPATH_SEARCH_PATHS = (
					"$(inherited)",
					"@executable_path/Frameworks",
				);
				MARKETING_VERSION = 1.0;
				PRODUCT_BUNDLE_IDENTIFIER = tr.com.pinet.KongrePad;
				PRODUCT_NAME = "$(TARGET_NAME)";
				SWIFT_EMIT_LOC_STRINGS = YES;
				SWIFT_VERSION = 5.0;
				TARGETED_DEVICE_FAMILY = "1,2";
			};
			name = Debug;
		};
		08AB71F22A8D223900EA59DF /* Release */ = {
			isa = XCBuildConfiguration;
			buildSettings = {
				ASSETCATALOG_COMPILER_APPICON_NAME = AppIcon;
				ASSETCATALOG_COMPILER_GLOBAL_ACCENT_COLOR_NAME = AccentColor;
				CODE_SIGN_STYLE = Automatic;
				CURRENT_PROJECT_VERSION = 1;
				DEVELOPMENT_ASSET_PATHS = "\"KongrePad/Preview Content\"";
				DEVELOPMENT_TEAM = LDHNKBPAG8;
				ENABLE_PREVIEWS = YES;
				GENERATE_INFOPLIST_FILE = YES;
				INFOPLIST_FILE = KongrePad/Info.plist;
				INFOPLIST_KEY_NSCameraUsageDescription = "To scan qr code";
				INFOPLIST_KEY_UIApplicationSceneManifest_Generation = YES;
				INFOPLIST_KEY_UIApplicationSupportsIndirectInputEvents = YES;
				INFOPLIST_KEY_UILaunchScreen_Generation = YES;
				INFOPLIST_KEY_UISupportedInterfaceOrientations_iPad = "UIInterfaceOrientationPortrait UIInterfaceOrientationPortraitUpsideDown UIInterfaceOrientationLandscapeLeft UIInterfaceOrientationLandscapeRight";
				INFOPLIST_KEY_UISupportedInterfaceOrientations_iPhone = "UIInterfaceOrientationPortrait UIInterfaceOrientationLandscapeLeft UIInterfaceOrientationLandscapeRight";
				INFOPLIST_KEY_UIUserInterfaceStyle = Light;
				LD_RUNPATH_SEARCH_PATHS = (
					"$(inherited)",
					"@executable_path/Frameworks",
				);
				MARKETING_VERSION = 1.0;
				PRODUCT_BUNDLE_IDENTIFIER = tr.com.pinet.KongrePad;
				PRODUCT_NAME = "$(TARGET_NAME)";
				SWIFT_EMIT_LOC_STRINGS = YES;
				SWIFT_VERSION = 5.0;
				TARGETED_DEVICE_FAMILY = "1,2";
			};
			name = Release;
		};
/* End XCBuildConfiguration section */

/* Begin XCConfigurationList section */
		08AB71D82A8D223800EA59DF /* Build configuration list for PBXProject "KongrePad" */ = {
			isa = XCConfigurationList;
			buildConfigurations = (
				08AB71EE2A8D223900EA59DF /* Debug */,
				08AB71EF2A8D223900EA59DF /* Release */,
			);
			defaultConfigurationIsVisible = 0;
			defaultConfigurationName = Release;
		};
		08AB71F02A8D223900EA59DF /* Build configuration list for PBXNativeTarget "KongrePad" */ = {
			isa = XCConfigurationList;
			buildConfigurations = (
				08AB71F12A8D223900EA59DF /* Debug */,
				08AB71F22A8D223900EA59DF /* Release */,
			);
			defaultConfigurationIsVisible = 0;
			defaultConfigurationName = Release;
		};
/* End XCConfigurationList section */

/* Begin XCRemoteSwiftPackageReference section */
		087B49592A97682F00BEC00C /* XCRemoteSwiftPackageReference "pusher-websocket-swift" */ = {
			isa = XCRemoteSwiftPackageReference;
			repositoryURL = "https://github.com/pusher/pusher-websocket-swift.git";
			requirement = {
				kind = upToNextMajorVersion;
				minimumVersion = 10.0.0;
			};
		};
		08AB71F82A93EA4700EA59DF /* XCRemoteSwiftPackageReference "CodeScanner" */ = {
			isa = XCRemoteSwiftPackageReference;
			repositoryURL = "https://github.com/twostraws/CodeScanner";
			requirement = {
				kind = upToNextMajorVersion;
				minimumVersion = 2.0.0;
			};
		};
/* End XCRemoteSwiftPackageReference section */

/* Begin XCSwiftPackageProductDependency section */
		087B495A2A97682F00BEC00C /* PusherSwift */ = {
			isa = XCSwiftPackageProductDependency;
			package = 087B49592A97682F00BEC00C /* XCRemoteSwiftPackageReference "pusher-websocket-swift" */;
			productName = PusherSwift;
		};
		08AB71F92A93EA4700EA59DF /* CodeScanner */ = {
			isa = XCSwiftPackageProductDependency;
			package = 08AB71F82A93EA4700EA59DF /* XCRemoteSwiftPackageReference "CodeScanner" */;
			productName = CodeScanner;
		};
/* End XCSwiftPackageProductDependency section */

/* Begin XCVersionGroup section */
		08AB71EB2A8D223900EA59DF /* KongrePad.xcdatamodeld */ = {
			isa = XCVersionGroup;
			children = (
				08AB71EC2A8D223900EA59DF /* KongrePad.xcdatamodel */,
			);
			currentVersion = 08AB71EC2A8D223900EA59DF /* KongrePad.xcdatamodel */;
			path = KongrePad.xcdatamodeld;
			sourceTree = "<group>";
			versionGroupType = wrapper.xcdatamodel;
		};
/* End XCVersionGroup section */
	};
	rootObject = 08AB71D52A8D223800EA59DF /* Project object */;
}
